
Microsoft Visual Studio Solution File, Format Version 12.00
# Visual Studio Version 16
VisualStudioVersion = 16.0.31313.79
MinimumVisualStudioVersion = 10.0.40219.1
Project("{FAE04EC0-301F-11D3-BF4B-00C04F79EFBC}") = "Password Generator", "Password Generator\Password Generator.csproj", "{B4BAD572-2DD5-4291-9873-BC0E316153A4}"
EndProject
Global
	GlobalSection(SolutionConfigurationPlatforms) = preSolution
		Debug|Any CPU = Debug|Any CPU
		Release|Any CPU = Release|Any CPU
	EndGlobalSection
	GlobalSection(ProjectConfigurationPlatforms) = postSolution
		{B4BAD572-2DD5-4291-9873-BC0E316153A4}.Debug|Any CPU.ActiveCfg = Debug|Any CPU
		{B4BAD572-2DD5-4291-9873-BC0E316153A4}.Debug|Any CPU.Build.0 = Debug|Any CPU
		{B4BAD572-2DD5-4291-9873-BC0E316153A4}.Release|Any CPU.ActiveCfg = Release|Any CPU
		{B4BAD572-2DD5-4291-9873-BC0E316153A4}.Release|Any CPU.Build.0 = Release|Any CPU
	EndGlobalSection
	GlobalSection(SolutionProperties) = preSolution
		HideSolutionNode = FALSE
	EndGlobalSection
	GlobalSection(ExtensibilityGlobals) = postSolution
		SolutionGuid = {52037645-95EA-4FB2-83C5-C76DACB99B40}
	EndGlobalSection
EndGlobal
